# This file was autogenerated by Stack.
# You should not edit this file by hand.
# For more information, please see the documentation at:
#   https://docs.haskellstack.org/en/stable/lock_files

packages:
- completed:
    hackage: hasql-dynamic-statements-0.2.0.2@sha256:b650a97171f8379b43d8f9b4182dfa607e4a3f8b944f55fdb41207c09425aebc,2675
    pantry-tree:
      size: 641
      sha256: 8c06e605f28875b4dbda572434d963be068f917e2b1fffb2947b637d794f35cc
  original:
    hackage: hasql-dynamic-statements-0.2.0.2
- completed:
    hackage: hasql-1.4.4.2@sha256:b892045844506174b0b3a6f0e20241d0bd708faf9392f7fea6c9a33773d7de14,6590
    pantry-tree:
      size: 2567
      sha256: 7485e7252aa8e40fb5783bb8a259f9750c55ff62ef2526874a24217dfe8cd646
  original:
    hackage: hasql-1.4.4.2
- completed:
    hackage: hasql-implicits-0.1.0.1@sha256:93581bf006dbb2641930c41c647b5a42c87064aa6a4feaa7dee6af8e58ccd7af,1388
    pantry-tree:
      size: 310
      sha256: 5953e48ce2ce0cb31aa188981003768bc129d1401a911c86bc796daaa99f7ad8
  original:
    hackage: hasql-implicits-0.1.0.1@sha256:93581bf006dbb2641930c41c647b5a42c87064aa6a4feaa7dee6af8e58ccd7af,1388
- completed:
    hackage: ptr-0.16.7.2@sha256:4a91e1342db8e627435a002798d65329a0c09c8632b2e415461b9928785327f9,2686
    pantry-tree:
      size: 1089
      sha256: 061c2c8a357cb4d6a03c915dba627971a28460746dd47f662496ae4f2c91a6b6
  original:
    hackage: ptr-0.16.7.2@sha256:4a91e1342db8e627435a002798d65329a0c09c8632b2e415461b9928785327f9,2686
- completed:
    hackage: bug-1.0.1@sha256:a516df91c7330d350480a7d338af645f173d1e767450c5f94295020f11c8432c,1395
    pantry-tree:
      size: 266
      sha256: 43405b9fbc2819e7f6bda450a3668fa7314c6b5482d26015831fcc54d680f604
  original:
    hackage: bug-1.0.1@sha256:a516df91c7330d350480a7d338af645f173d1e767450c5f94295020f11c8432c,1395
- completed:
    hackage: base-prelude-1.4@sha256:feea99326853023fa9f908308383a7f9802e40f2d241b83dac57b266b202bda6,1412
    pantry-tree:
      size: 271
      sha256: 89c097b83439c4b044b6ae8e43e6cee790ac12ab51cd9f47273b38237fd69eea
  original:
    hackage: base-prelude-1.4@sha256:feea99326853023fa9f908308383a7f9802e40f2d241b83dac57b266b202bda6,1412
- completed:
    hackage: postgresql-binary-0.12.3@sha256:4d5e52e5ef171dae8dd3ce5f72da552c34fe92ae13ba55bb165e59f245349b4f,6057
    pantry-tree:
      size: 1666
      sha256: 7d29fb2283dec17ac7c4a57155ed2b170fc7643f72b25fb4e00ec63b36f316e8
  original:
    hackage: postgresql-binary-0.12.3@sha256:4d5e52e5ef171dae8dd3ce5f72da552c34fe92ae13ba55bb165e59f245349b4f,6057
- completed:
    hackage: morpheus-graphql-core-0.13.0@sha256:af4c0cc0f5c84cbcb85486329574f2ced98326be4fedd8a7fa116bf783d5a8b6,6774
    pantry-tree:
      size: 8516
      sha256: f0155c18930d61ebb6b1f5d81321bdf49f41dffbab3f9b07a6cc3785c540ac9b
  original:
    hackage: morpheus-graphql-core-0.13.0
- completed:
    hackage: morpheus-graphql-0.13.0@sha256:d8173116f630ecf264747bf31a823126452f144e1802d236b64efcf8677289cb,28007
    pantry-tree:
      size: 40014
      sha256: 5b390bba65d00644b0c99d7cbda308d1ff0706a33c90523d6cfcdd5005cab90d
  original:
    hackage: morpheus-graphql-0.13.0
- completed:
    name: hasql-url
    version: 0.1.0.0
    git: https://github.com/theobat/hasql-url.git
    pantry-tree:
      size: 621
      sha256: bec36d4afce43f794353f88277aae7789c586789608b505855c2558491bd2891
    commit: e41c9bc3179c36878e8c865685ff2be17a8ecef4
  original:
    git: https://github.com/theobat/hasql-url.git
    commit: e41c9bc3179c36878e8c865685ff2be17a8ecef4
- completed:
    subdir: .
    name: hasql-migration
    version: 0.3.0
    git: https://github.com/theobat/hasql-migration.git
    pantry-tree:
      size: 795
      sha256: ce36dc65455030f626e48155f2615e062fe7434db80d47cda90355385db78325
    commit: 81b1aaaff38a31cd5a74933380027ab9c6dc2efb
  original:
    subdir: .
    git: https://github.com/theobat/hasql-migration.git
    commit: 81b1aaaff38a31cd5a74933380027ab9c6dc2efb
snapshots:
- completed:
    size: 532380
    url: https://raw.githubusercontent.com/commercialhaskell/stackage-snapshots/master/lts/16/9.yaml
    sha256: 14a7cec114424e4286adde73364438927a553ed248cc50f069a30a67e3ee1e69
  original: lts-16.9
