# This file was autogenerated by Stack.
# You should not edit this file by hand.
# For more information, please see the documentation at:
#   https://docs.haskellstack.org/en/stable/lock_files

packages:
- completed:
    hackage: hasql-dynamic-statements-0.2.0.1@sha256:e469879ebd539d518b7fb4d025316fa055599c2c14324ef88ac9ac99cf9cd8c1,2673
    pantry-tree:
      size: 641
      sha256: 7a7b24b9797e7489492e99e6f0f92a91030e143036ec40a2f790028db0ca516f
  original:
    hackage: hasql-dynamic-statements-0.2.0.1@sha256:e469879ebd539d518b7fb4d025316fa055599c2c14324ef88ac9ac99cf9cd8c1,2673
- completed:
    hackage: hasql-implicits-0.1.0.1@sha256:93581bf006dbb2641930c41c647b5a42c87064aa6a4feaa7dee6af8e58ccd7af,1388
    pantry-tree:
      size: 310
      sha256: 5953e48ce2ce0cb31aa188981003768bc129d1401a911c86bc796daaa99f7ad8
  original:
    hackage: hasql-implicits-0.1.0.1@sha256:93581bf006dbb2641930c41c647b5a42c87064aa6a4feaa7dee6af8e58ccd7af,1388
- completed:
    hackage: ptr-0.16.6.1@sha256:8487350b1db776a94c811590b177e113f34b4e1f26782a158932e57bc5f236ab,2961
    pantry-tree:
      size: 1029
      sha256: eb84a0b095dfa7695164e9619dc43c1b14986baa3d5dfcade91ecd74159a38c7
  original:
    hackage: ptr-0.16.6.1@sha256:8487350b1db776a94c811590b177e113f34b4e1f26782a158932e57bc5f236ab,2961
- completed:
    hackage: bug-1.0.1@sha256:a516df91c7330d350480a7d338af645f173d1e767450c5f94295020f11c8432c,1395
    pantry-tree:
      size: 266
      sha256: 43405b9fbc2819e7f6bda450a3668fa7314c6b5482d26015831fcc54d680f604
  original:
    hackage: bug-1.0.1@sha256:a516df91c7330d350480a7d338af645f173d1e767450c5f94295020f11c8432c,1395
- completed:
    cabal-file:
      size: 2799
      sha256: 6ca4cc6c89834bb79eb9f15b504774043b5b3994336bd86a9d79e59da6d54963
    name: hasql-migration
    version: 0.3.0
    git: git@github.com:tvh/hasql-migration.git
    pantry-tree:
      size: 689
      sha256: 70342dc8dc7d388695d33793d6147cce80de6af54583f4916f4c250686fc249d
    commit: 58c90f7c5c0e829708c35db9d2c8bc47e86621eb
  original:
    git: git@github.com:tvh/hasql-migration.git
    commit: 58c90f7c5c0e829708c35db9d2c8bc47e86621eb
- completed:
    cabal-file:
      size: 25724
      sha256: c3c355e010a9916282b84808735ea404204738ff34744a13634049456285f7d5
    name: morpheus-graphql
    version: 0.10.1
    git: git@github.com:theobat/morpheus-graphql.git
    pantry-tree:
      size: 42219
      sha256: e313ecb8d1b3a3c1f86ee81846f266a584f14cffde71892b556ed883a695b83a
    commit: 1a8f887f0ece814779e9752258fbfcd5ffe1bab6
  original:
    git: git@github.com:theobat/morpheus-graphql.git
    commit: 1a8f887f0ece814779e9752258fbfcd5ffe1bab6
snapshots:
- completed:
    size: 491372
    url: https://raw.githubusercontent.com/commercialhaskell/stackage-snapshots/master/lts/15/5.yaml
    sha256: 1b549cfff328040c382a70a84a2087aac8dab6d778bf92f32a93a771a1980dfc
  original: lts-15.5
